
Microsoft Visual Studio Solution File, Format Version 12.00
# Visual Studio Version 17
VisualStudioVersion = 17.12.35506.116
MinimumVisualStudioVersion = 10.0.40219.1
Project("{FAE04EC0-301F-11D3-BF4B-00C04F79EFBC}") = "GestaoFuncionarios.Module", "GestaoFuncionarios.Module\GestaoFuncionarios.Module.csproj", "{C797FEBB-B07C-4775-A313-B5066C908318}"
EndProject
Project("{FAE04EC0-301F-11D3-BF4B-00C04F79EFBC}") = "GestaoFuncionarios.Blazor.Server", "GestaoFuncionarios.Blazor.Server\GestaoFuncionarios.Blazor.Server.csproj", "{73BCCB28-0AF0-4B72-AAC1-C7BDB24AB2E6}"
EndProject
Global
	GlobalSection(SolutionConfigurationPlatforms) = preSolution
		Debug|Any CPU = Debug|Any CPU
		EasyTest|Any CPU = EasyTest|Any CPU
		Release|Any CPU = Release|Any CPU
	EndGlobalSection
	GlobalSection(ProjectConfigurationPlatforms) = postSolution
		{C797FEBB-B07C-4775-A313-B5066C908318}.Debug|Any CPU.ActiveCfg = Debug|Any CPU
		{C797FEBB-B07C-4775-A313-B5066C908318}.Debug|Any CPU.Build.0 = Debug|Any CPU
		{C797FEBB-B07C-4775-A313-B5066C908318}.EasyTest|Any CPU.ActiveCfg = EasyTest|Any CPU
		{C797FEBB-B07C-4775-A313-B5066C908318}.EasyTest|Any CPU.Build.0 = EasyTest|Any CPU
		{C797FEBB-B07C-4775-A313-B5066C908318}.Release|Any CPU.ActiveCfg = Release|Any CPU
		{C797FEBB-B07C-4775-A313-B5066C908318}.Release|Any CPU.Build.0 = Release|Any CPU
		{73BCCB28-0AF0-4B72-AAC1-C7BDB24AB2E6}.Debug|Any CPU.ActiveCfg = Debug|Any CPU
		{73BCCB28-0AF0-4B72-AAC1-C7BDB24AB2E6}.Debug|Any CPU.Build.0 = Debug|Any CPU
		{73BCCB28-0AF0-4B72-AAC1-C7BDB24AB2E6}.EasyTest|Any CPU.ActiveCfg = EasyTest|Any CPU
		{73BCCB28-0AF0-4B72-AAC1-C7BDB24AB2E6}.EasyTest|Any CPU.Build.0 = EasyTest|Any CPU
		{73BCCB28-0AF0-4B72-AAC1-C7BDB24AB2E6}.Release|Any CPU.ActiveCfg = Release|Any CPU
		{73BCCB28-0AF0-4B72-AAC1-C7BDB24AB2E6}.Release|Any CPU.Build.0 = Release|Any CPU
	EndGlobalSection
	GlobalSection(SolutionProperties) = preSolution
		HideSolutionNode = FALSE
	EndGlobalSection
EndGlobal
